
Microsoft Visual Studio Solution File, Format Version 12.00
# Visual Studio Version 17
VisualStudioVersion = 17.8.34330.188
MinimumVisualStudioVersion = 10.0.40219.1
Project("{FAE04EC0-301F-11D3-BF4B-00C04F79EFBC}") = "helloworld", "helloworld\helloworld.csproj", "{449F3A21-2923-4A9D-9CCF-9C339BF65B7B}"
EndProject
Global
	GlobalSection(SolutionConfigurationPlatforms) = preSolution
		Debug|Any CPU = Debug|Any CPU
		Release|Any CPU = Release|Any CPU
	EndGlobalSection
	GlobalSection(ProjectConfigurationPlatforms) = postSolution
		{449F3A21-2923-4A9D-9CCF-9C339BF65B7B}.Debug|Any CPU.ActiveCfg = Debug|Any CPU
		{449F3A21-2923-4A9D-9CCF-9C339BF65B7B}.Debug|Any CPU.Build.0 = Debug|Any CPU
		{449F3A21-2923-4A9D-9CCF-9C339BF65B7B}.Release|Any CPU.ActiveCfg = Release|Any CPU
		{449F3A21-2923-4A9D-9CCF-9C339BF65B7B}.Release|Any CPU.Build.0 = Release|Any CPU
	EndGlobalSection
	GlobalSection(SolutionProperties) = preSolution
		HideSolutionNode = FALSE
	EndGlobalSection
	GlobalSection(ExtensibilityGlobals) = postSolution
		SolutionGuid = {FFC9523A-AADF-4460-9FF2-3F9BDE6A36C2}
	EndGlobalSection
EndGlobal
